
Microsoft Visual Studio Solution File, Format Version 12.00
# Visual Studio Version 17
VisualStudioVersion = 17.5.33424.131
MinimumVisualStudioVersion = 10.0.40219.1
Project("{FAE04EC0-301F-11D3-BF4B-00C04F79EFBC}") = "ConsoleApp4", "ConsoleApp4.csproj", "{5C079E38-6FAF-429F-B2C0-BFE9A5591F5E}"
EndProject
Global
	GlobalSection(SolutionConfigurationPlatforms) = preSolution
		Debug|Any CPU = Debug|Any CPU
		Release|Any CPU = Release|Any CPU
	EndGlobalSection
	GlobalSection(ProjectConfigurationPlatforms) = postSolution
		{5C079E38-6FAF-429F-B2C0-BFE9A5591F5E}.Debug|Any CPU.ActiveCfg = Debug|Any CPU
		{5C079E38-6FAF-429F-B2C0-BFE9A5591F5E}.Debug|Any CPU.Build.0 = Debug|Any CPU
		{5C079E38-6FAF-429F-B2C0-BFE9A5591F5E}.Release|Any CPU.ActiveCfg = Release|Any CPU
		{5C079E38-6FAF-429F-B2C0-BFE9A5591F5E}.Release|Any CPU.Build.0 = Release|Any CPU
	EndGlobalSection
	GlobalSection(SolutionProperties) = preSolution
		HideSolutionNode = FALSE
	EndGlobalSection
	GlobalSection(ExtensibilityGlobals) = postSolution
		SolutionGuid = {F370CAC4-F6EF-4F7F-AC85-54C1BF067EC9}
	EndGlobalSection
EndGlobal
